// !$*UTF8*$!
{
	archiveVersion = 1;
	classes = {
	};
	objectVersion = 55;
	objects = {

/* Begin PBXBuildFile section */
		D34A63BC297C181B0007B55A /* viewcontroller2.swift in Sources */ = {isa = PBXBuildFile; fileRef = D34A63BB297C181B0007B55A /* viewcontroller2.swift */; };
		D3662CB3298D9174004CB83C /* ViewController6.swift in Sources */ = {isa = PBXBuildFile; fileRef = D3662CB2298D9174004CB83C /* ViewController6.swift */; };
		D366F72729653B0D00061C83 /* ViewController3.swift in Sources */ = {isa = PBXBuildFile; fileRef = D366F72629653B0D00061C83 /* ViewController3.swift */; };
		D366F729298D969500061C83 /* ViewController4.swift in Sources */ = {isa = PBXBuildFile; fileRef = D366F728298D969500061C83 /* ViewController4.swift */; };
		D367C0D3299B66D800149FBD /* CollectionViewCell1.swift in Sources */ = {isa = PBXBuildFile; fileRef = D367C0D2299B66D800149FBD /* CollectionViewCell1.swift */; };
		D3A3902C297A6DB900DC6E57 /* AppDelegate.swift in Sources */ = {isa = PBXBuildFile; fileRef = D3A3902B297A6DB900DC6E57 /* AppDelegate.swift */; };
		D3A3902E297A6DB900DC6E57 /* SceneDelegate.swift in Sources */ = {isa = PBXBuildFile; fileRef = D3A3902D297A6DB900DC6E57 /* SceneDelegate.swift */; };
		D3A39030297A6DB900DC6E57 /* ViewController.swift in Sources */ = {isa = PBXBuildFile; fileRef = D3A3902F297A6DB900DC6E57 /* ViewController.swift */; };
		D3A39033297A6DB900DC6E57 /* Main.storyboard in Resources */ = {isa = PBXBuildFile; fileRef = D3A39031297A6DB900DC6E57 /* Main.storyboard */; };
		D3A39035297A6DBA00DC6E57 /* Assets.xcassets in Resources */ = {isa = PBXBuildFile; fileRef = D3A39034297A6DBA00DC6E57 /* Assets.xcassets */; };
		D3A39038297A6DBA00DC6E57 /* LaunchScreen.storyboard in Resources */ = {isa = PBXBuildFile; fileRef = D3A39036297A6DBA00DC6E57 /* LaunchScreen.storyboard */; };
		D3A4725E298D921D00667C81 /* ViewController5.swift in Sources */ = {isa = PBXBuildFile; fileRef = D3A4725D298D921D00667C81 /* ViewController5.swift */; };
		D3A67B7C299B4D1500670684 /* ViewController7.swift in Sources */ = {isa = PBXBuildFile; fileRef = D3A67B7B299B4D1500670684 /* ViewController7.swift */; };
/* End PBXBuildFile section */

/* Begin PBXFileReference section */
		D34A63BB297C181B0007B55A /* viewcontroller2.swift */ = {isa = PBXFileReference; lastKnownFileType = sourcecode.swift; path = viewcontroller2.swift; sourceTree = "<group>"; };
		D3662CB2298D9174004CB83C /* ViewController6.swift */ = {isa = PBXFileReference; lastKnownFileType = sourcecode.swift; path = ViewController6.swift; sourceTree = "<group>"; };
		D366F72629653B0D00061C83 /* ViewController3.swift */ = {isa = PBXFileReference; lastKnownFileType = sourcecode.swift; path = ViewController3.swift; sourceTree = "<group>"; };
		D366F728298D969500061C83 /* ViewController4.swift */ = {isa = PBXFileReference; lastKnownFileType = sourcecode.swift; path = ViewController4.swift; sourceTree = "<group>"; };
		D367C0D2299B66D800149FBD /* CollectionViewCell1.swift */ = {isa = PBXFileReference; lastKnownFileType = sourcecode.swift; path = CollectionViewCell1.swift; sourceTree = "<group>"; };
		D3A39028297A6DB900DC6E57 /* text  Fild.app */ = {isa = PBXFileReference; explicitFileType = wrapper.application; includeInIndex = 0; path = "text  Fild.app"; sourceTree = BUILT_PRODUCTS_DIR; };
		D3A3902B297A6DB900DC6E57 /* AppDelegate.swift */ = {isa = PBXFileReference; lastKnownFileType = sourcecode.swift; path = AppDelegate.swift; sourceTree = "<group>"; };
		D3A3902D297A6DB900DC6E57 /* SceneDelegate.swift */ = {isa = PBXFileReference; lastKnownFileType = sourcecode.swift; path = SceneDelegate.swift; sourceTree = "<group>"; };
		D3A3902F297A6DB900DC6E57 /* ViewController.swift */ = {isa = PBXFileReference; lastKnownFileType = sourcecode.swift; path = ViewController.swift; sourceTree = "<group>"; };
		D3A39032297A6DB900DC6E57 /* Base */ = {isa = PBXFileReference; lastKnownFileType = file.storyboard; name = Base; path = Base.lproj/Main.storyboard; sourceTree = "<group>"; };
		D3A39034297A6DBA00DC6E57 /* Assets.xcassets */ = {isa = PBXFileReference; lastKnownFileType = folder.assetcatalog; path = Assets.xcassets; sourceTree = "<group>"; };
		D3A39037297A6DBA00DC6E57 /* Base */ = {isa = PBXFileReference; lastKnownFileType = file.storyboard; name = Base; path = Base.lproj/LaunchScreen.storyboard; sourceTree = "<group>"; };
		D3A39039297A6DBA00DC6E57 /* Info.plist */ = {isa = PBXFileReference; lastKnownFileType = text.plist.xml; path = Info.plist; sourceTree = "<group>"; };
		D3A4725D298D921D00667C81 /* ViewController5.swift */ = {isa = PBXFileReference; lastKnownFileType = sourcecode.swift; path = ViewController5.swift; sourceTree = "<group>"; };
		D3A67B7B299B4D1500670684 /* ViewController7.swift */ = {isa = PBXFileReference; lastKnownFileType = sourcecode.swift; path = ViewController7.swift; sourceTree = "<group>"; };
/* End PBXFileReference section */

/* Begin PBXFrameworksBuildPhase section */
		D3A39025297A6DB900DC6E57 /* Frameworks */ = {
			isa = PBXFrameworksBuildPhase;
			buildActionMask = 2147483647;
			files = (
			);
			runOnlyForDeploymentPostprocessing = 0;
		};
/* End PBXFrameworksBuildPhase section */

/* Begin PBXGroup section */
		D3A3901F297A6DB900DC6E57 = {
			isa = PBXGroup;
			children = (
				D367C0D2299B66D800149FBD /* CollectionViewCell1.swift */,
				D34A63BB297C181B0007B55A /* viewcontroller2.swift */,
				D3A3902A297A6DB900DC6E57 /* text  Fild */,
				D3A39029297A6DB900DC6E57 /* Products */,
			);
			sourceTree = "<group>";
		};
		D3A39029297A6DB900DC6E57 /* Products */ = {
			isa = PBXGroup;
			children = (
				D3A39028297A6DB900DC6E57 /* text  Fild.app */,
			);
			name = Products;
			sourceTree = "<group>";
		};
		D3A3902A297A6DB900DC6E57 /* text  Fild */ = {
			isa = PBXGroup;
			children = (
				D3A3902B297A6DB900DC6E57 /* AppDelegate.swift */,
				D3A3902D297A6DB900DC6E57 /* SceneDelegate.swift */,
				D3A3902F297A6DB900DC6E57 /* ViewController.swift */,
				D3A39031297A6DB900DC6E57 /* Main.storyboard */,
				D3A67B7B299B4D1500670684 /* ViewController7.swift */,
				D3662CB2298D9174004CB83C /* ViewController6.swift */,
				D3A4725D298D921D00667C81 /* ViewController5.swift */,
				D366F728298D969500061C83 /* ViewController4.swift */,
				D366F72629653B0D00061C83 /* ViewController3.swift */,
				D3A39034297A6DBA00DC6E57 /* Assets.xcassets */,
				D3A39036297A6DBA00DC6E57 /* LaunchScreen.storyboard */,
				D3A39039297A6DBA00DC6E57 /* Info.plist */,
			);
			path = "text  Fild";
			sourceTree = "<group>";
		};
/* End PBXGroup section */

/* Begin PBXNativeTarget section */
		D3A39027297A6DB900DC6E57 /* text  Fild */ = {
			isa = PBXNativeTarget;
			buildConfigurationList = D3A3903C297A6DBA00DC6E57 /* Build configuration list for PBXNativeTarget "text  Fild" */;
			buildPhases = (
				D3A39024297A6DB900DC6E57 /* Sources */,
				D3A39025297A6DB900DC6E57 /* Frameworks */,
				D3A39026297A6DB900DC6E57 /* Resources */,
			);
			buildRules = (
			);
			dependencies = (
			);
			name = "text  Fild";
			productName = "text  Fild";
			productReference = D3A39028297A6DB900DC6E57 /* text  Fild.app */;
			productType = "com.apple.product-type.application";
		};
/* End PBXNativeTarget section */

/* Begin PBXProject section */
		D3A39020297A6DB900DC6E57 /* Project object */ = {
			isa = PBXProject;
			attributes = {
				BuildIndependentTargetsInParallel = 1;
				LastSwiftUpdateCheck = 1300;
				LastUpgradeCheck = 1300;
				TargetAttributes = {
					D3A39027297A6DB900DC6E57 = {
						CreatedOnToolsVersion = 13.0;
					};
				};
			};
			buildConfigurationList = D3A39023297A6DB900DC6E57 /* Build configuration list for PBXProject "text  Fild" */;
			compatibilityVersion = "Xcode 13.0";
			developmentRegion = en;
			hasScannedForEncodings = 0;
			knownRegions = (
				en,
				Base,
			);
			mainGroup = D3A3901F297A6DB900DC6E57;
			productRefGroup = D3A39029297A6DB900DC6E57 /* Products */;
			projectDirPath = "";
			projectRoot = "";
			targets = (
				D3A39027297A6DB900DC6E57 /* text  Fild */,
			);
		};
/* End PBXProject section */

/* Begin PBXResourcesBuildPhase section */
		D3A39026297A6DB900DC6E57 /* Resources */ = {
			isa = PBXResourcesBuildPhase;
			buildActionMask = 2147483647;
			files = (
				D3A39038297A6DBA00DC6E57 /* LaunchScreen.storyboard in Resources */,
				D3A39035297A6DBA00DC6E57 /* Assets.xcassets in Resources */,
				D3A39033297A6DB900DC6E57 /* Main.storyboard in Resources */,
			);
			runOnlyForDeploymentPostprocessing = 0;
		};
/* End PBXResourcesBuildPhase section */

/* Begin PBXSourcesBuildPhase section */
		D3A39024297A6DB900DC6E57 /* Sources */ = {
			isa = PBXSourcesBuildPhase;
			buildActionMask = 2147483647;
			files = (
				D367C0D3299B66D800149FBD /* CollectionViewCell1.swift in Sources */,
				D366F72729653B0D00061C83 /* ViewController3.swift in Sources */,
				D366F729298D969500061C83 /* ViewController4.swift in Sources */,
				D3A39030297A6DB900DC6E57 /* ViewController.swift in Sources */,
				D34A63BC297C181B0007B55A /* viewcontroller2.swift in Sources */,
				D3A3902C297A6DB900DC6E57 /* AppDelegate.swift in Sources */,
				D3662CB3298D9174004CB83C /* ViewController6.swift in Sources */,
				D3A67B7C299B4D1500670684 /* ViewController7.swift in Sources */,
				D3A3902E297A6DB900DC6E57 /* SceneDelegate.swift in Sources */,
				D3A4725E298D921D00667C81 /* ViewController5.swift in Sources */,
			);
			runOnlyForDeploymentPostprocessing = 0;
		};
/* End PBXSourcesBuildPhase section */

/* Begin PBXVariantGroup section */
		D3A39031297A6DB900DC6E57 /* Main.storyboard */ = {
			isa = PBXVariantGroup;
			children = (
				D3A39032297A6DB900DC6E57 /* Base */,
			);
			name = Main.storyboard;
			sourceTree = "<group>";
		};
		D3A39036297A6DBA00DC6E57 /* LaunchScreen.storyboard */ = {
			isa = PBXVariantGroup;
			children = (
				D3A39037297A6DBA00DC6E57 /* Base */,
			);
			name = LaunchScreen.storyboard;
			sourceTree = "<group>";
		};
/* End PBXVariantGroup section */

/* Begin XCBuildConfiguration section */
		D3A3903A297A6DBA00DC6E57 /* Debug */ = {
			isa = XCBuildConfiguration;
			buildSettings = {
				ALWAYS_SEARCH_USER_PATHS = NO;
				CLANG_ANALYZER_NONNULL = YES;
				CLANG_ANALYZER_NUMBER_OBJECT_CONVERSION = YES_AGGRESSIVE;
				CLANG_CXX_LANGUAGE_STANDARD = "gnu++17";
				CLANG_CXX_LIBRARY = "libc++";
				CLANG_ENABLE_MODULES = YES;
				CLANG_ENABLE_OBJC_ARC = YES;
				CLANG_ENABLE_OBJC_WEAK = YES;
				CLANG_WARN_BLOCK_CAPTURE_AUTORELEASING = YES;
				CLANG_WARN_BOOL_CONVERSION = YES;
				CLANG_WARN_COMMA = YES;
				CLANG_WARN_CONSTANT_CONVERSION = YES;
				CLANG_WARN_DEPRECATED_OBJC_IMPLEMENTATIONS = YES;
				CLANG_WARN_DIRECT_OBJC_ISA_USAGE = YES_ERROR;
				CLANG_WARN_DOCUMENTATION_COMMENTS = YES;
				CLANG_WARN_EMPTY_BODY = YES;
				CLANG_WARN_ENUM_CONVERSION = YES;
				CLANG_WARN_INFINITE_RECURSION = YES;
				CLANG_WARN_INT_CONVERSION = YES;
				CLANG_WARN_NON_LITERAL_NULL_CONVERSION = YES;
				CLANG_WARN_OBJC_IMPLICIT_RETAIN_SELF = YES;
				CLANG_WARN_OBJC_LITERAL_CONVERSION = YES;
				CLANG_WARN_OBJC_ROOT_CLASS = YES_ERROR;
				CLANG_WARN_QUOTED_INCLUDE_IN_FRAMEWORK_HEADER = YES;
				CLANG_WARN_RANGE_LOOP_ANALYSIS = YES;
				CLANG_WARN_STRICT_PROTOTYPES = YES;
				CLANG_WARN_SUSPICIOUS_MOVE = YES;
				CLANG_WARN_UNGUARDED_AVAILABILITY = YES_AGGRESSIVE;
				CLANG_WARN_UNREACHABLE_CODE = YES;
				CLANG_WARN__DUPLICATE_METHOD_MATCH = YES;
				COPY_PHASE_STRIP = NO;
				DEBUG_INFORMATION_FORMAT = dwarf;
				ENABLE_STRICT_OBJC_MSGSEND = YES;
				ENABLE_TESTABILITY = YES;
				GCC_C_LANGUAGE_STANDARD = gnu11;
				GCC_DYNAMIC_NO_PIC = NO;
				GCC_NO_COMMON_BLOCKS = YES;
				GCC_OPTIMIZATION_LEVEL = 0;
				GCC_PREPROCESSOR_DEFINITIONS = (
					"DEBUG=1",
					"$(inherited)",
				);
				GCC_WARN_64_TO_32_BIT_CONVERSION = YES;
				GCC_WARN_ABOUT_RETURN_TYPE = YES_ERROR;
				GCC_WARN_UNDECLARED_SELECTOR = YES;
				GCC_WARN_UNINITIALIZED_AUTOS = YES_AGGRESSIVE;
				GCC_WARN_UNUSED_FUNCTION = YES;
				GCC_WARN_UNUSED_VARIABLE = YES;
				IPHONEOS_DEPLOYMENT_TARGET = 15.0;
				MTL_ENABLE_DEBUG_INFO = INCLUDE_SOURCE;
				MTL_FAST_MATH = YES;
				ONLY_ACTIVE_ARCH = YES;
				SDKROOT = iphoneos;
				SWIFT_ACTIVE_COMPILATION_CONDITIONS = DEBUG;
				SWIFT_OPTIMIZATION_LEVEL = "-Onone";
			};
			name = Debug;
		};
		D3A3903B297A6DBA00DC6E57 /* Release */ = {
			isa = XCBuildConfiguration;
			buildSettings = {
				ALWAYS_SEARCH_USER_PATHS = NO;
				CLANG_ANALYZER_NONNULL = YES;
				CLANG_ANALYZER_NUMBER_OBJECT_CONVERSION = YES_AGGRESSIVE;
				CLANG_CXX_LANGUAGE_STANDARD = "gnu++17";
				CLANG_CXX_LIBRARY = "libc++";
				CLANG_ENABLE_MODULES = YES;
				CLANG_ENABLE_OBJC_ARC = YES;
				CLANG_ENABLE_OBJC_WEAK = YES;
				CLANG_WARN_BLOCK_CAPTURE_AUTORELEASING = YES;
				CLANG_WARN_BOOL_CONVERSION = YES;
				CLANG_WARN_COMMA = YES;
				CLANG_WARN_CONSTANT_CONVERSION = YES;
				CLANG_WARN_DEPRECATED_OBJC_IMPLEMENTATIONS = YES;
				CLANG_WARN_DIRECT_OBJC_ISA_USAGE = YES_ERROR;
				CLANG_WARN_DOCUMENTATION_COMMENTS = YES;
				CLANG_WARN_EMPTY_BODY = YES;
				CLANG_WARN_ENUM_CONVERSION = YES;
				CLANG_WARN_INFINITE_RECURSION = YES;
				CLANG_WARN_INT_CONVERSION = YES;
				CLANG_WARN_NON_LITERAL_NULL_CONVERSION = YES;
				CLANG_WARN_OBJC_IMPLICIT_RETAIN_SELF = YES;
				CLANG_WARN_OBJC_LITERAL_CONVERSION = YES;
				CLANG_WARN_OBJC_ROOT_CLASS = YES_ERROR;
				CLANG_WARN_QUOTED_INCLUDE_IN_FRAMEWORK_HEADER = YES;
				CLANG_WARN_RANGE_LOOP_ANALYSIS = YES;
				CLANG_WARN_STRICT_PROTOTYPES = YES;
				CLANG_WARN_SUSPICIOUS_MOVE = YES;
				CLANG_WARN_UNGUARDED_AVAILABILITY = YES_AGGRESSIVE;
				CLANG_WARN_UNREACHABLE_CODE = YES;
				CLANG_WARN__DUPLICATE_METHOD_MATCH = YES;
				COPY_PHASE_STRIP = NO;
				DEBUG_INFORMATION_FORMAT = "dwarf-with-dsym";
				ENABLE_NS_ASSERTIONS = NO;
				ENABLE_STRICT_OBJC_MSGSEND = YES;
				GCC_C_LANGUAGE_STANDARD = gnu11;
				GCC_NO_COMMON_BLOCKS = YES;
				GCC_WARN_64_TO_32_BIT_CONVERSION = YES;
				GCC_WARN_ABOUT_RETURN_TYPE = YES_ERROR;
				GCC_WARN_UNDECLARED_SELECTOR = YES;
				GCC_WARN_UNINITIALIZED_AUTOS = YES_AGGRESSIVE;
				GCC_WARN_UNUSED_FUNCTION = YES;
				GCC_WARN_UNUSED_VARIABLE = YES;
				IPHONEOS_DEPLOYMENT_TARGET = 15.0;
				MTL_ENABLE_DEBUG_INFO = NO;
				MTL_FAST_MATH = YES;
				SDKROOT = iphoneos;
				SWIFT_COMPILATION_MODE = wholemodule;
				SWIFT_OPTIMIZATION_LEVEL = "-O";
				VALIDATE_PRODUCT = YES;
			};
			name = Release;
		};
		D3A3903D297A6DBA00DC6E57 /* Debug */ = {
			isa = XCBuildConfiguration;
			buildSettings = {
				ASSETCATALOG_COMPILER_APPICON_NAME = AppIcon;
				ASSETCATALOG_COMPILER_GLOBAL_ACCENT_COLOR_NAME = AccentColor;
				CODE_SIGN_STYLE = Automatic;
				CURRENT_PROJECT_VERSION = 1;
				GENERATE_INFOPLIST_FILE = YES;
				INFOPLIST_FILE = "text  Fild/Info.plist";
				INFOPLIST_KEY_UIApplicationSupportsIndirectInputEvents = YES;
				INFOPLIST_KEY_UILaunchStoryboardName = LaunchScreen;
				INFOPLIST_KEY_UIMainStoryboardFile = Main;
				INFOPLIST_KEY_UISupportedInterfaceOrientations_iPad = "UIInterfaceOrientationPortrait UIInterfaceOrientationPortraitUpsideDown UIInterfaceOrientationLandscapeLeft UIInterfaceOrientationLandscapeRight";
				INFOPLIST_KEY_UISupportedInterfaceOrientations_iPhone = "UIInterfaceOrientationPortrait UIInterfaceOrientationLandscapeLeft UIInterfaceOrientationLandscapeRight";
				LD_RUNPATH_SEARCH_PATHS = (
					"$(inherited)",
					"@executable_path/Frameworks",
				);
				MARKETING_VERSION = 1.0;
				PRODUCT_BUNDLE_IDENTIFIER = "roshan.text--Fild";
				PRODUCT_NAME = "$(TARGET_NAME)";
				SWIFT_EMIT_LOC_STRINGS = YES;
				SWIFT_VERSION = 5.0;
				TARGETED_DEVICE_FAMILY = "1,2";
			};
			name = Debug;
		};
		D3A3903E297A6DBA00DC6E57 /* Release */ = {
			isa = XCBuildConfiguration;
			buildSettings = {
				ASSETCATALOG_COMPILER_APPICON_NAME = AppIcon;
				ASSETCATALOG_COMPILER_GLOBAL_ACCENT_COLOR_NAME = AccentColor;
				CODE_SIGN_STYLE = Automatic;
				CURRENT_PROJECT_VERSION = 1;
				GENERATE_INFOPLIST_FILE = YES;
				INFOPLIST_FILE = "text  Fild/Info.plist";
				INFOPLIST_KEY_UIApplicationSupportsIndirectInputEvents = YES;
				INFOPLIST_KEY_UILaunchStoryboardName = LaunchScreen;
				INFOPLIST_KEY_UIMainStoryboardFile = Main;
				INFOPLIST_KEY_UISupportedInterfaceOrientations_iPad = "UIInterfaceOrientationPortrait UIInterfaceOrientationPortraitUpsideDown UIInterfaceOrientationLandscapeLeft UIInterfaceOrientationLandscapeRight";
				INFOPLIST_KEY_UISupportedInterfaceOrientations_iPhone = "UIInterfaceOrientationPortrait UIInterfaceOrientationLandscapeLeft UIInterfaceOrientationLandscapeRight";
				LD_RUNPATH_SEARCH_PATHS = (
					"$(inherited)",
					"@executable_path/Frameworks",
				);
				MARKETING_VERSION = 1.0;
				PRODUCT_BUNDLE_IDENTIFIER = "roshan.text--Fild";
				PRODUCT_NAME = "$(TARGET_NAME)";
				SWIFT_EMIT_LOC_STRINGS = YES;
				SWIFT_VERSION = 5.0;
				TARGETED_DEVICE_FAMILY = "1,2";
			};
			name = Release;
		};
/* End XCBuildConfiguration section */

/* Begin XCConfigurationList section */
		D3A39023297A6DB900DC6E57 /* Build configuration list for PBXProject "text  Fild" */ = {
			isa = XCConfigurationList;
			buildConfigurations = (
				D3A3903A297A6DBA00DC6E57 /* Debug */,
				D3A3903B297A6DBA00DC6E57 /* Release */,
			);
			defaultConfigurationIsVisible = 0;
			defaultConfigurationName = Release;
		};
		D3A3903C297A6DBA00DC6E57 /* Build configuration list for PBXNativeTarget "text  Fild" */ = {
			isa = XCConfigurationList;
			buildConfigurations = (
				D3A3903D297A6DBA00DC6E57 /* Debug */,
				D3A3903E297A6DBA00DC6E57 /* Release */,
			);
			defaultConfigurationIsVisible = 0;
			defaultConfigurationName = Release;
		};
/* End XCConfigurationList section */
	};
	rootObject = D3A39020297A6DB900DC6E57 /* Project object */;
}
